
Microsoft Visual Studio Solution File, Format Version 12.00
# Visual Studio 15
VisualStudioVersion = 15.0.28307.136
MinimumVisualStudioVersion = 10.0.40219.1
Project("{FAE04EC0-301F-11D3-BF4B-00C04F79EFBC}") = "lab6patterns", "lab6patterns\lab6patterns.csproj", "{D53E930C-58E4-479D-8BB7-EEBD4707E20E}"
EndProject
Global
	GlobalSection(SolutionConfigurationPlatforms) = preSolution
		Debug|Any CPU = Debug|Any CPU
		Release|Any CPU = Release|Any CPU
	EndGlobalSection
	GlobalSection(ProjectConfigurationPlatforms) = postSolution
		{D53E930C-58E4-479D-8BB7-EEBD4707E20E}.Debug|Any CPU.ActiveCfg = Debug|Any CPU
		{D53E930C-58E4-479D-8BB7-EEBD4707E20E}.Debug|Any CPU.Build.0 = Debug|Any CPU
		{D53E930C-58E4-479D-8BB7-EEBD4707E20E}.Release|Any CPU.ActiveCfg = Release|Any CPU
		{D53E930C-58E4-479D-8BB7-EEBD4707E20E}.Release|Any CPU.Build.0 = Release|Any CPU
	EndGlobalSection
	GlobalSection(SolutionProperties) = preSolution
		HideSolutionNode = FALSE
	EndGlobalSection
	GlobalSection(ExtensibilityGlobals) = postSolution
		SolutionGuid = {E0519DF1-F045-41EE-956A-F22037A9CE3B}
	EndGlobalSection
EndGlobal
